// !$*UTF8*$!
{
	archiveVersion = 1;
	classes = {
	};
	objectVersion = 77;
	objects = {

/* Begin PBXBuildFile section */
		5A4ECEDC2DD58B510021A79D /* DataLayer.framework in Frameworks */ = {isa = PBXBuildFile; fileRef = 5A4ECED42DD58B510021A79D /* DataLayer.framework */; };
		5A4ECEDD2DD58B510021A79D /* DataLayer.framework in Embed Frameworks */ = {isa = PBXBuildFile; fileRef = 5A4ECED42DD58B510021A79D /* DataLayer.framework */; settings = {ATTRIBUTES = (CodeSignOnCopy, RemoveHeadersOnCopy, ); }; };
		5A4ECEF02DD58B760021A79D /* DomainLayer.framework in Frameworks */ = {isa = PBXBuildFile; fileRef = 5A4ECEE82DD58B760021A79D /* DomainLayer.framework */; };
		5A4ECEF12DD58B760021A79D /* DomainLayer.framework in Embed Frameworks */ = {isa = PBXBuildFile; fileRef = 5A4ECEE82DD58B760021A79D /* DomainLayer.framework */; settings = {ATTRIBUTES = (CodeSignOnCopy, RemoveHeadersOnCopy, ); }; };
		5A4ECF032DD58B870021A79D /* PresentationLayer.framework in Frameworks */ = {isa = PBXBuildFile; fileRef = 5A4ECEFB2DD58B870021A79D /* PresentationLayer.framework */; };
		5A4ECF042DD58B870021A79D /* PresentationLayer.framework in Embed Frameworks */ = {isa = PBXBuildFile; fileRef = 5A4ECEFB2DD58B870021A79D /* PresentationLayer.framework */; settings = {ATTRIBUTES = (CodeSignOnCopy, RemoveHeadersOnCopy, ); }; };
		5A4ECF0A2DD58B9A0021A79D /* DomainLayer.framework in Frameworks */ = {isa = PBXBuildFile; fileRef = 5A4ECEE82DD58B760021A79D /* DomainLayer.framework */; };
		5A4ECF0B2DD58B9A0021A79D /* DomainLayer.framework in Embed Frameworks */ = {isa = PBXBuildFile; fileRef = 5A4ECEE82DD58B760021A79D /* DomainLayer.framework */; settings = {ATTRIBUTES = (CodeSignOnCopy, RemoveHeadersOnCopy, ); }; };
		5A4ECF0F2DD58BA50021A79D /* DomainLayer.framework in Frameworks */ = {isa = PBXBuildFile; fileRef = 5A4ECEE82DD58B760021A79D /* DomainLayer.framework */; };
		5A4ECF102DD58BA50021A79D /* DomainLayer.framework in Embed Frameworks */ = {isa = PBXBuildFile; fileRef = 5A4ECEE82DD58B760021A79D /* DomainLayer.framework */; settings = {ATTRIBUTES = (CodeSignOnCopy, RemoveHeadersOnCopy, ); }; };
		5A4ED7AD2DD5BA4A0021A79D /* SnapKit in Frameworks */ = {isa = PBXBuildFile; productRef = 5A4ED7AC2DD5BA4A0021A79D /* SnapKit */; };
		5A4EDD322DD602340021A79D /* RxCocoa in Frameworks */ = {isa = PBXBuildFile; productRef = 5A4EDD312DD602340021A79D /* RxCocoa */; };
		5A4EDE082DD6E0B50021A79D /* RxCocoa in Frameworks */ = {isa = PBXBuildFile; productRef = 5A4EDE072DD6E0B50021A79D /* RxCocoa */; };
		5A4EDE0A2DD6E0C60021A79D /* RxCocoa in Frameworks */ = {isa = PBXBuildFile; productRef = 5A4EDE092DD6E0C60021A79D /* RxCocoa */; };
		5A4EDE0C2DD6E0CC0021A79D /* RxCocoa in Frameworks */ = {isa = PBXBuildFile; productRef = 5A4EDE0B2DD6E0CC0021A79D /* RxCocoa */; };
		5A4EDE0E2DD6E1130021A79D /* RxRelay in Frameworks */ = {isa = PBXBuildFile; productRef = 5A4EDE0D2DD6E1130021A79D /* RxRelay */; };
		5A4EDE102DD6E11B0021A79D /* RxRelay in Frameworks */ = {isa = PBXBuildFile; productRef = 5A4EDE0F2DD6E11B0021A79D /* RxRelay */; };
		5A4FD0342DCCA52900540641 /* SnapKit in Frameworks */ = {isa = PBXBuildFile; productRef = 5A4FD0332DCCA52900540641 /* SnapKit */; };
/* End PBXBuildFile section */

/* Begin PBXContainerItemProxy section */
		5A4ECEDA2DD58B510021A79D /* PBXContainerItemProxy */ = {
			isa = PBXContainerItemProxy;
			containerPortal = 5A4FCF032DCC9E6000540641 /* Project object */;
			proxyType = 1;
			remoteGlobalIDString = 5A4ECED32DD58B510021A79D;
			remoteInfo = DataLayer;
		};
		5A4ECEEE2DD58B760021A79D /* PBXContainerItemProxy */ = {
			isa = PBXContainerItemProxy;
			containerPortal = 5A4FCF032DCC9E6000540641 /* Project object */;
			proxyType = 1;
			remoteGlobalIDString = 5A4ECEE72DD58B760021A79D;
			remoteInfo = DomainLayer;
		};
		5A4ECF012DD58B870021A79D /* PBXContainerItemProxy */ = {
			isa = PBXContainerItemProxy;
			containerPortal = 5A4FCF032DCC9E6000540641 /* Project object */;
			proxyType = 1;
			remoteGlobalIDString = 5A4ECEFA2DD58B870021A79D;
			remoteInfo = PresentationLayer;
		};
		5A4ECF0C2DD58B9A0021A79D /* PBXContainerItemProxy */ = {
			isa = PBXContainerItemProxy;
			containerPortal = 5A4FCF032DCC9E6000540641 /* Project object */;
			proxyType = 1;
			remoteGlobalIDString = 5A4ECEE72DD58B760021A79D;
			remoteInfo = DomainLayer;
		};
		5A4ECF112DD58BA50021A79D /* PBXContainerItemProxy */ = {
			isa = PBXContainerItemProxy;
			containerPortal = 5A4FCF032DCC9E6000540641 /* Project object */;
			proxyType = 1;
			remoteGlobalIDString = 5A4ECEE72DD58B760021A79D;
			remoteInfo = DomainLayer;
		};
/* End PBXContainerItemProxy section */

/* Begin PBXCopyFilesBuildPhase section */
		5A4ECEDE2DD58B510021A79D /* Embed Frameworks */ = {
			isa = PBXCopyFilesBuildPhase;
			buildActionMask = 2147483647;
			dstPath = "";
			dstSubfolderSpec = 10;
			files = (
				5A4ECEF12DD58B760021A79D /* DomainLayer.framework in Embed Frameworks */,
				5A4ECEDD2DD58B510021A79D /* DataLayer.framework in Embed Frameworks */,
				5A4ECF042DD58B870021A79D /* PresentationLayer.framework in Embed Frameworks */,
			);
			name = "Embed Frameworks";
			runOnlyForDeploymentPostprocessing = 0;
		};
		5A4ECF0E2DD58B9A0021A79D /* Embed Frameworks */ = {
			isa = PBXCopyFilesBuildPhase;
			buildActionMask = 2147483647;
			dstPath = "";
			dstSubfolderSpec = 10;
			files = (
				5A4ECF0B2DD58B9A0021A79D /* DomainLayer.framework in Embed Frameworks */,
			);
			name = "Embed Frameworks";
			runOnlyForDeploymentPostprocessing = 0;
		};
		5A4ECF132DD58BA50021A79D /* Embed Frameworks */ = {
			isa = PBXCopyFilesBuildPhase;
			buildActionMask = 2147483647;
			dstPath = "";
			dstSubfolderSpec = 10;
			files = (
				5A4ECF102DD58BA50021A79D /* DomainLayer.framework in Embed Frameworks */,
			);
			name = "Embed Frameworks";
			runOnlyForDeploymentPostprocessing = 0;
		};
		5A4EDB922DD5DD870021A79D /* Embed Frameworks */ = {
			isa = PBXCopyFilesBuildPhase;
			buildActionMask = 2147483647;
			dstPath = "";
			dstSubfolderSpec = 10;
			files = (
			);
			name = "Embed Frameworks";
			runOnlyForDeploymentPostprocessing = 0;
		};
/* End PBXCopyFilesBuildPhase section */

/* Begin PBXFileReference section */
		5A4ECED42DD58B510021A79D /* DataLayer.framework */ = {isa = PBXFileReference; explicitFileType = wrapper.framework; includeInIndex = 0; path = DataLayer.framework; sourceTree = BUILT_PRODUCTS_DIR; };
		5A4ECEE82DD58B760021A79D /* DomainLayer.framework */ = {isa = PBXFileReference; explicitFileType = wrapper.framework; includeInIndex = 0; path = DomainLayer.framework; sourceTree = BUILT_PRODUCTS_DIR; };
		5A4ECEFB2DD58B870021A79D /* PresentationLayer.framework */ = {isa = PBXFileReference; explicitFileType = wrapper.framework; includeInIndex = 0; path = PresentationLayer.framework; sourceTree = BUILT_PRODUCTS_DIR; };
		5A4FCF0B2DCC9E6000540641 /* Book.app */ = {isa = PBXFileReference; explicitFileType = wrapper.application; includeInIndex = 0; path = Book.app; sourceTree = BUILT_PRODUCTS_DIR; };
/* End PBXFileReference section */

/* Begin PBXFileSystemSynchronizedBuildFileExceptionSet section */
		5A4ECEE22DD58B510021A79D /* Exceptions for "DataLayer" folder in "DataLayer" target */ = {
			isa = PBXFileSystemSynchronizedBuildFileExceptionSet;
			publicHeaders = (
				DataLayer.h,
			);
			target = 5A4ECED32DD58B510021A79D /* DataLayer */;
		};
		5A4ECEF52DD58B760021A79D /* Exceptions for "DomainLayer" folder in "DomainLayer" target */ = {
			isa = PBXFileSystemSynchronizedBuildFileExceptionSet;
			publicHeaders = (
				DomainLayer.h,
			);
			target = 5A4ECEE72DD58B760021A79D /* DomainLayer */;
		};
		5A4ECF082DD58B870021A79D /* Exceptions for "PresentationLayer" folder in "PresentationLayer" target */ = {
			isa = PBXFileSystemSynchronizedBuildFileExceptionSet;
			publicHeaders = (
				PresentationLayer.h,
			);
			target = 5A4ECEFA2DD58B870021A79D /* PresentationLayer */;
		};
		5A4ECF152DD58BBC0021A79D /* Exceptions for "Book" folder in "DataLayer" target */ = {
			isa = PBXFileSystemSynchronizedBuildFileExceptionSet;
			membershipExceptions = (
				Book.xcdatamodeld,
			);
			target = 5A4ECED32DD58B510021A79D /* DataLayer */;
		};
		5A4FCF202DCC9E6200540641 /* Exceptions for "Book" folder in "Book" target */ = {
			isa = PBXFileSystemSynchronizedBuildFileExceptionSet;
			membershipExceptions = (
				Info.plist,
			);
			target = 5A4FCF0A2DCC9E6000540641 /* Book */;
		};
/* End PBXFileSystemSynchronizedBuildFileExceptionSet section */

/* Begin PBXFileSystemSynchronizedRootGroup section */
		5A4ECED52DD58B510021A79D /* DataLayer */ = {
			isa = PBXFileSystemSynchronizedRootGroup;
			exceptions = (
				5A4ECEE22DD58B510021A79D /* Exceptions for "DataLayer" folder in "DataLayer" target */,
			);
			path = DataLayer;
			sourceTree = "<group>";
		};
		5A4ECEE92DD58B760021A79D /* DomainLayer */ = {
			isa = PBXFileSystemSynchronizedRootGroup;
			exceptions = (
				5A4ECEF52DD58B760021A79D /* Exceptions for "DomainLayer" folder in "DomainLayer" target */,
			);
			path = DomainLayer;
			sourceTree = "<group>";
		};
		5A4ECEFC2DD58B870021A79D /* PresentationLayer */ = {
			isa = PBXFileSystemSynchronizedRootGroup;
			exceptions = (
				5A4ECF082DD58B870021A79D /* Exceptions for "PresentationLayer" folder in "PresentationLayer" target */,
			);
			path = PresentationLayer;
			sourceTree = "<group>";
		};
		5A4FCF0D2DCC9E6000540641 /* Book */ = {
			isa = PBXFileSystemSynchronizedRootGroup;
			exceptions = (
				5A4FCF202DCC9E6200540641 /* Exceptions for "Book" folder in "Book" target */,
				5A4ECF152DD58BBC0021A79D /* Exceptions for "Book" folder in "DataLayer" target */,
			);
			path = Book;
			sourceTree = "<group>";
		};
/* End PBXFileSystemSynchronizedRootGroup section */

/* Begin PBXFrameworksBuildPhase section */
		5A4ECED12DD58B510021A79D /* Frameworks */ = {
			isa = PBXFrameworksBuildPhase;
			buildActionMask = 2147483647;
			files = (
				5A4EDE0A2DD6E0C60021A79D /* RxCocoa in Frameworks */,
				5A4ECF0A2DD58B9A0021A79D /* DomainLayer.framework in Frameworks */,
			);
			runOnlyForDeploymentPostprocessing = 0;
		};
		5A4ECEE52DD58B760021A79D /* Frameworks */ = {
			isa = PBXFrameworksBuildPhase;
			buildActionMask = 2147483647;
			files = (
				5A4EDE0C2DD6E0CC0021A79D /* RxCocoa in Frameworks */,
			);
			runOnlyForDeploymentPostprocessing = 0;
		};
		5A4ECEF82DD58B870021A79D /* Frameworks */ = {
			isa = PBXFrameworksBuildPhase;
			buildActionMask = 2147483647;
			files = (
				5A4ECF0F2DD58BA50021A79D /* DomainLayer.framework in Frameworks */,
				5A4EDD322DD602340021A79D /* RxCocoa in Frameworks */,
				5A4EDE102DD6E11B0021A79D /* RxRelay in Frameworks */,
				5A4ED7AD2DD5BA4A0021A79D /* SnapKit in Frameworks */,
			);
			runOnlyForDeploymentPostprocessing = 0;
		};
		5A4FCF082DCC9E6000540641 /* Frameworks */ = {
			isa = PBXFrameworksBuildPhase;
			buildActionMask = 2147483647;
			files = (
				5A4EDE0E2DD6E1130021A79D /* RxRelay in Frameworks */,
				5A4EDE082DD6E0B50021A79D /* RxCocoa in Frameworks */,
				5A4FD0342DCCA52900540641 /* SnapKit in Frameworks */,
				5A4ECF032DD58B870021A79D /* PresentationLayer.framework in Frameworks */,
				5A4ECEF02DD58B760021A79D /* DomainLayer.framework in Frameworks */,
				5A4ECEDC2DD58B510021A79D /* DataLayer.framework in Frameworks */,
			);
			runOnlyForDeploymentPostprocessing = 0;
		};
/* End PBXFrameworksBuildPhase section */

/* Begin PBXGroup section */
		5A4ECF092DD58B9A0021A79D /* Frameworks */ = {
			isa = PBXGroup;
			children = (
			);
			name = Frameworks;
			sourceTree = "<group>";
		};
		5A4FCF022DCC9E6000540641 = {
			isa = PBXGroup;
			children = (
				5A4FCF0D2DCC9E6000540641 /* Book */,
				5A4ECED52DD58B510021A79D /* DataLayer */,
				5A4ECEE92DD58B760021A79D /* DomainLayer */,
				5A4ECEFC2DD58B870021A79D /* PresentationLayer */,
				5A4ECF092DD58B9A0021A79D /* Frameworks */,
				5A4FCF0C2DCC9E6000540641 /* Products */,
			);
			sourceTree = "<group>";
		};
		5A4FCF0C2DCC9E6000540641 /* Products */ = {
			isa = PBXGroup;
			children = (
				5A4FCF0B2DCC9E6000540641 /* Book.app */,
				5A4ECED42DD58B510021A79D /* DataLayer.framework */,
				5A4ECEE82DD58B760021A79D /* DomainLayer.framework */,
				5A4ECEFB2DD58B870021A79D /* PresentationLayer.framework */,
			);
			name = Products;
			sourceTree = "<group>";
		};
/* End PBXGroup section */

/* Begin PBXHeadersBuildPhase section */
		5A4ECECF2DD58B510021A79D /* Headers */ = {
			isa = PBXHeadersBuildPhase;
			buildActionMask = 2147483647;
			files = (
			);
			runOnlyForDeploymentPostprocessing = 0;
		};
		5A4ECEE32DD58B760021A79D /* Headers */ = {
			isa = PBXHeadersBuildPhase;
			buildActionMask = 2147483647;
			files = (
			);
			runOnlyForDeploymentPostprocessing = 0;
		};
		5A4ECEF62DD58B870021A79D /* Headers */ = {
			isa = PBXHeadersBuildPhase;
			buildActionMask = 2147483647;
			files = (
			);
			runOnlyForDeploymentPostprocessing = 0;
		};
/* End PBXHeadersBuildPhase section */

/* Begin PBXNativeTarget section */
		5A4ECED32DD58B510021A79D /* DataLayer */ = {
			isa = PBXNativeTarget;
			buildConfigurationList = 5A4ECEE12DD58B510021A79D /* Build configuration list for PBXNativeTarget "DataLayer" */;
			buildPhases = (
				5A4ECECF2DD58B510021A79D /* Headers */,
				5A4ECED02DD58B510021A79D /* Sources */,
				5A4ECED12DD58B510021A79D /* Frameworks */,
				5A4ECED22DD58B510021A79D /* Resources */,
				5A4ECF0E2DD58B9A0021A79D /* Embed Frameworks */,
			);
			buildRules = (
			);
			dependencies = (
				5A4ECF0D2DD58B9A0021A79D /* PBXTargetDependency */,
			);
			fileSystemSynchronizedGroups = (
				5A4ECED52DD58B510021A79D /* DataLayer */,
			);
			name = DataLayer;
			packageProductDependencies = (
				5A4EDE092DD6E0C60021A79D /* RxCocoa */,
			);
			productName = DataLayer;
			productReference = 5A4ECED42DD58B510021A79D /* DataLayer.framework */;
			productType = "com.apple.product-type.framework";
		};
		5A4ECEE72DD58B760021A79D /* DomainLayer */ = {
			isa = PBXNativeTarget;
			buildConfigurationList = 5A4ECEF22DD58B760021A79D /* Build configuration list for PBXNativeTarget "DomainLayer" */;
			buildPhases = (
				5A4ECEE32DD58B760021A79D /* Headers */,
				5A4ECEE42DD58B760021A79D /* Sources */,
				5A4ECEE52DD58B760021A79D /* Frameworks */,
				5A4ECEE62DD58B760021A79D /* Resources */,
				5A4EDB922DD5DD870021A79D /* Embed Frameworks */,
			);
			buildRules = (
			);
			dependencies = (
			);
			fileSystemSynchronizedGroups = (
				5A4ECEE92DD58B760021A79D /* DomainLayer */,
			);
			name = DomainLayer;
			packageProductDependencies = (
				5A4EDE0B2DD6E0CC0021A79D /* RxCocoa */,
			);
			productName = DomainLayer;
			productReference = 5A4ECEE82DD58B760021A79D /* DomainLayer.framework */;
			productType = "com.apple.product-type.framework";
		};
		5A4ECEFA2DD58B870021A79D /* PresentationLayer */ = {
			isa = PBXNativeTarget;
			buildConfigurationList = 5A4ECF052DD58B870021A79D /* Build configuration list for PBXNativeTarget "PresentationLayer" */;
			buildPhases = (
				5A4ECEF62DD58B870021A79D /* Headers */,
				5A4ECEF72DD58B870021A79D /* Sources */,
				5A4ECEF82DD58B870021A79D /* Frameworks */,
				5A4ECEF92DD58B870021A79D /* Resources */,
				5A4ECF132DD58BA50021A79D /* Embed Frameworks */,
			);
			buildRules = (
			);
			dependencies = (
				5A4ECF122DD58BA50021A79D /* PBXTargetDependency */,
			);
			fileSystemSynchronizedGroups = (
				5A4ECEFC2DD58B870021A79D /* PresentationLayer */,
			);
			name = PresentationLayer;
			packageProductDependencies = (
				5A4ED7AC2DD5BA4A0021A79D /* SnapKit */,
				5A4EDD312DD602340021A79D /* RxCocoa */,
				5A4EDE0F2DD6E11B0021A79D /* RxRelay */,
			);
			productName = PresentationLayer;
			productReference = 5A4ECEFB2DD58B870021A79D /* PresentationLayer.framework */;
			productType = "com.apple.product-type.framework";
		};
		5A4FCF0A2DCC9E6000540641 /* Book */ = {
			isa = PBXNativeTarget;
			buildConfigurationList = 5A4FCF212DCC9E6200540641 /* Build configuration list for PBXNativeTarget "Book" */;
			buildPhases = (
				5A4FCF072DCC9E6000540641 /* Sources */,
				5A4FCF082DCC9E6000540641 /* Frameworks */,
				5A4FCF092DCC9E6000540641 /* Resources */,
				5A4ECEDE2DD58B510021A79D /* Embed Frameworks */,
			);
			buildRules = (
			);
			dependencies = (
				5A4ECEDB2DD58B510021A79D /* PBXTargetDependency */,
				5A4ECEEF2DD58B760021A79D /* PBXTargetDependency */,
				5A4ECF022DD58B870021A79D /* PBXTargetDependency */,
			);
			fileSystemSynchronizedGroups = (
				5A4FCF0D2DCC9E6000540641 /* Book */,
			);
			name = Book;
			packageProductDependencies = (
				5A4FD0332DCCA52900540641 /* SnapKit */,
				5A4EDE072DD6E0B50021A79D /* RxCocoa */,
				5A4EDE0D2DD6E1130021A79D /* RxRelay */,
			);
			productName = Book;
			productReference = 5A4FCF0B2DCC9E6000540641 /* Book.app */;
			productType = "com.apple.product-type.application";
		};
/* End PBXNativeTarget section */

/* Begin PBXProject section */
		5A4FCF032DCC9E6000540641 /* Project object */ = {
			isa = PBXProject;
			attributes = {
				BuildIndependentTargetsInParallel = 1;
				LastSwiftUpdateCheck = 1620;
				LastUpgradeCheck = 1620;
				TargetAttributes = {
					5A4ECED32DD58B510021A79D = {
						CreatedOnToolsVersion = 16.2;
					};
					5A4ECEE72DD58B760021A79D = {
						CreatedOnToolsVersion = 16.2;
					};
					5A4ECEFA2DD58B870021A79D = {
						CreatedOnToolsVersion = 16.2;
					};
					5A4FCF0A2DCC9E6000540641 = {
						CreatedOnToolsVersion = 16.2;
					};
				};
			};
			buildConfigurationList = 5A4FCF062DCC9E6000540641 /* Build configuration list for PBXProject "Book" */;
			developmentRegion = en;
			hasScannedForEncodings = 0;
			knownRegions = (
				en,
				Base,
			);
			mainGroup = 5A4FCF022DCC9E6000540641;
			minimizedProjectReferenceProxies = 1;
			packageReferences = (
				5A4FD0322DCCA52900540641 /* XCRemoteSwiftPackageReference "SnapKit" */,
				5A4EC7AD2DD44C710021A79D /* XCRemoteSwiftPackageReference "RxSwift" */,
			);
			preferredProjectObjectVersion = 77;
			productRefGroup = 5A4FCF0C2DCC9E6000540641 /* Products */;
			projectDirPath = "";
			projectRoot = "";
			targets = (
				5A4FCF0A2DCC9E6000540641 /* Book */,
				5A4ECED32DD58B510021A79D /* DataLayer */,
				5A4ECEE72DD58B760021A79D /* DomainLayer */,
				5A4ECEFA2DD58B870021A79D /* PresentationLayer */,
			);
		};
/* End PBXProject section */

/* Begin PBXResourcesBuildPhase section */
		5A4ECED22DD58B510021A79D /* Resources */ = {
			isa = PBXResourcesBuildPhase;
			buildActionMask = 2147483647;
			files = (
			);
			runOnlyForDeploymentPostprocessing = 0;
		};
		5A4ECEE62DD58B760021A79D /* Resources */ = {
			isa = PBXResourcesBuildPhase;
			buildActionMask = 2147483647;
			files = (
			);
			runOnlyForDeploymentPostprocessing = 0;
		};
		5A4ECEF92DD58B870021A79D /* Resources */ = {
			isa = PBXResourcesBuildPhase;
			buildActionMask = 2147483647;
			files = (
			);
			runOnlyForDeploymentPostprocessing = 0;
		};
		5A4FCF092DCC9E6000540641 /* Resources */ = {
			isa = PBXResourcesBuildPhase;
			buildActionMask = 2147483647;
			files = (
			);
			runOnlyForDeploymentPostprocessing = 0;
		};
/* End PBXResourcesBuildPhase section */

/* Begin PBXSourcesBuildPhase section */
		5A4ECED02DD58B510021A79D /* Sources */ = {
			isa = PBXSourcesBuildPhase;
			buildActionMask = 2147483647;
			files = (
			);
			runOnlyForDeploymentPostprocessing = 0;
		};
		5A4ECEE42DD58B760021A79D /* Sources */ = {
			isa = PBXSourcesBuildPhase;
			buildActionMask = 2147483647;
			files = (
			);
			runOnlyForDeploymentPostprocessing = 0;
		};
		5A4ECEF72DD58B870021A79D /* Sources */ = {
			isa = PBXSourcesBuildPhase;
			buildActionMask = 2147483647;
			files = (
			);
			runOnlyForDeploymentPostprocessing = 0;
		};
		5A4FCF072DCC9E6000540641 /* Sources */ = {
			isa = PBXSourcesBuildPhase;
			buildActionMask = 2147483647;
			files = (
			);
			runOnlyForDeploymentPostprocessing = 0;
		};
/* End PBXSourcesBuildPhase section */

/* Begin PBXTargetDependency section */
		5A4ECEDB2DD58B510021A79D /* PBXTargetDependency */ = {
			isa = PBXTargetDependency;
			target = 5A4ECED32DD58B510021A79D /* DataLayer */;
			targetProxy = 5A4ECEDA2DD58B510021A79D /* PBXContainerItemProxy */;
		};
		5A4ECEEF2DD58B760021A79D /* PBXTargetDependency */ = {
			isa = PBXTargetDependency;
			target = 5A4ECEE72DD58B760021A79D /* DomainLayer */;
			targetProxy = 5A4ECEEE2DD58B760021A79D /* PBXContainerItemProxy */;
		};
		5A4ECF022DD58B870021A79D /* PBXTargetDependency */ = {
			isa = PBXTargetDependency;
			target = 5A4ECEFA2DD58B870021A79D /* PresentationLayer */;
			targetProxy = 5A4ECF012DD58B870021A79D /* PBXContainerItemProxy */;
		};
		5A4ECF0D2DD58B9A0021A79D /* PBXTargetDependency */ = {
			isa = PBXTargetDependency;
			target = 5A4ECEE72DD58B760021A79D /* DomainLayer */;
			targetProxy = 5A4ECF0C2DD58B9A0021A79D /* PBXContainerItemProxy */;
		};
		5A4ECF122DD58BA50021A79D /* PBXTargetDependency */ = {
			isa = PBXTargetDependency;
			target = 5A4ECEE72DD58B760021A79D /* DomainLayer */;
			targetProxy = 5A4ECF112DD58BA50021A79D /* PBXContainerItemProxy */;
		};
/* End PBXTargetDependency section */

/* Begin XCBuildConfiguration section */
		5A4ECEDF2DD58B510021A79D /* Debug */ = {
			isa = XCBuildConfiguration;
			buildSettings = {
				BUILD_LIBRARY_FOR_DISTRIBUTION = YES;
				CODE_SIGN_STYLE = Automatic;
				CURRENT_PROJECT_VERSION = 1;
				DEFINES_MODULE = YES;
				DEVELOPMENT_TEAM = ZUYADCPQFC;
				DYLIB_COMPATIBILITY_VERSION = 1;
				DYLIB_CURRENT_VERSION = 1;
				DYLIB_INSTALL_NAME_BASE = "@rpath";
				ENABLE_MODULE_VERIFIER = YES;
				GENERATE_INFOPLIST_FILE = YES;
				INFOPLIST_KEY_NSHumanReadableCopyright = "";
				INSTALL_PATH = "$(LOCAL_LIBRARY_DIR)/Frameworks";
				LD_RUNPATH_SEARCH_PATHS = (
					"$(inherited)",
					"@executable_path/Frameworks",
					"@loader_path/Frameworks",
				);
				MARKETING_VERSION = 1.0;
				MODULE_VERIFIER_SUPPORTED_LANGUAGES = "objective-c objective-c++";
				MODULE_VERIFIER_SUPPORTED_LANGUAGE_STANDARDS = "gnu17 gnu++20";
				PRODUCT_BUNDLE_IDENTIFIER = name.wittie.DataLayer;
				PRODUCT_NAME = "$(TARGET_NAME:c99extidentifier)";
				SKIP_INSTALL = YES;
				SWIFT_EMIT_LOC_STRINGS = YES;
				SWIFT_INSTALL_OBJC_HEADER = NO;
				SWIFT_VERSION = 5.0;
				TARGETED_DEVICE_FAMILY = "1,2";
				VERSIONING_SYSTEM = "apple-generic";
				VERSION_INFO_PREFIX = "";
			};
			name = Debug;
		};
		5A4ECEE02DD58B510021A79D /* Release */ = {
			isa = XCBuildConfiguration;
			buildSettings = {
				BUILD_LIBRARY_FOR_DISTRIBUTION = YES;
				CODE_SIGN_STYLE = Automatic;
				CURRENT_PROJECT_VERSION = 1;
				DEFINES_MODULE = YES;
				DEVELOPMENT_TEAM = ZUYADCPQFC;
				DYLIB_COMPATIBILITY_VERSION = 1;
				DYLIB_CURRENT_VERSION = 1;
				DYLIB_INSTALL_NAME_BASE = "@rpath";
				ENABLE_MODULE_VERIFIER = YES;
				GENERATE_INFOPLIST_FILE = YES;
				INFOPLIST_KEY_NSHumanReadableCopyright = "";
				INSTALL_PATH = "$(LOCAL_LIBRARY_DIR)/Frameworks";
				LD_RUNPATH_SEARCH_PATHS = (
					"$(inherited)",
					"@executable_path/Frameworks",
					"@loader_path/Frameworks",
				);
				MARKETING_VERSION = 1.0;
				MODULE_VERIFIER_SUPPORTED_LANGUAGES = "objective-c objective-c++";
				MODULE_VERIFIER_SUPPORTED_LANGUAGE_STANDARDS = "gnu17 gnu++20";
				PRODUCT_BUNDLE_IDENTIFIER = name.wittie.DataLayer;
				PRODUCT_NAME = "$(TARGET_NAME:c99extidentifier)";
				SKIP_INSTALL = YES;
				SWIFT_EMIT_LOC_STRINGS = YES;
				SWIFT_INSTALL_OBJC_HEADER = NO;
				SWIFT_VERSION = 5.0;
				TARGETED_DEVICE_FAMILY = "1,2";
				VERSIONING_SYSTEM = "apple-generic";
				VERSION_INFO_PREFIX = "";
			};
			name = Release;
		};
		5A4ECEF32DD58B760021A79D /* Debug */ = {
			isa = XCBuildConfiguration;
			buildSettings = {
				BUILD_LIBRARY_FOR_DISTRIBUTION = YES;
				CODE_SIGN_STYLE = Automatic;
				CURRENT_PROJECT_VERSION = 1;
				DEFINES_MODULE = YES;
				DEVELOPMENT_TEAM = ZUYADCPQFC;
				DYLIB_COMPATIBILITY_VERSION = 1;
				DYLIB_CURRENT_VERSION = 1;
				DYLIB_INSTALL_NAME_BASE = "@rpath";
				ENABLE_MODULE_VERIFIER = YES;
				GENERATE_INFOPLIST_FILE = YES;
				INFOPLIST_KEY_NSHumanReadableCopyright = "";
				INSTALL_PATH = "$(LOCAL_LIBRARY_DIR)/Frameworks";
				LD_RUNPATH_SEARCH_PATHS = (
					"$(inherited)",
					"@executable_path/Frameworks",
					"@loader_path/Frameworks",
				);
				MARKETING_VERSION = 1.0;
				MODULE_VERIFIER_SUPPORTED_LANGUAGES = "objective-c objective-c++";
				MODULE_VERIFIER_SUPPORTED_LANGUAGE_STANDARDS = "gnu17 gnu++20";
				PRODUCT_BUNDLE_IDENTIFIER = name.wittie.DomainLayer;
				PRODUCT_NAME = "$(TARGET_NAME:c99extidentifier)";
				SKIP_INSTALL = YES;
				SWIFT_EMIT_LOC_STRINGS = YES;
				SWIFT_INSTALL_OBJC_HEADER = NO;
				SWIFT_VERSION = 5.0;
				TARGETED_DEVICE_FAMILY = "1,2";
				VERSIONING_SYSTEM = "apple-generic";
				VERSION_INFO_PREFIX = "";
			};
			name = Debug;
		};
		5A4ECEF42DD58B760021A79D /* Release */ = {
			isa = XCBuildConfiguration;
			buildSettings = {
				BUILD_LIBRARY_FOR_DISTRIBUTION = YES;
				CODE_SIGN_STYLE = Automatic;
				CURRENT_PROJECT_VERSION = 1;
				DEFINES_MODULE = YES;
				DEVELOPMENT_TEAM = ZUYADCPQFC;
				DYLIB_COMPATIBILITY_VERSION = 1;
				DYLIB_CURRENT_VERSION = 1;
				DYLIB_INSTALL_NAME_BASE = "@rpath";
				ENABLE_MODULE_VERIFIER = YES;
				GENERATE_INFOPLIST_FILE = YES;
				INFOPLIST_KEY_NSHumanReadableCopyright = "";
				INSTALL_PATH = "$(LOCAL_LIBRARY_DIR)/Frameworks";
				LD_RUNPATH_SEARCH_PATHS = (
					"$(inherited)",
					"@executable_path/Frameworks",
					"@loader_path/Frameworks",
				);
				MARKETING_VERSION = 1.0;
				MODULE_VERIFIER_SUPPORTED_LANGUAGES = "objective-c objective-c++";
				MODULE_VERIFIER_SUPPORTED_LANGUAGE_STANDARDS = "gnu17 gnu++20";
				PRODUCT_BUNDLE_IDENTIFIER = name.wittie.DomainLayer;
				PRODUCT_NAME = "$(TARGET_NAME:c99extidentifier)";
				SKIP_INSTALL = YES;
				SWIFT_EMIT_LOC_STRINGS = YES;
				SWIFT_INSTALL_OBJC_HEADER = NO;
				SWIFT_VERSION = 5.0;
				TARGETED_DEVICE_FAMILY = "1,2";
				VERSIONING_SYSTEM = "apple-generic";
				VERSION_INFO_PREFIX = "";
			};
			name = Release;
		};
		5A4ECF062DD58B870021A79D /* Debug */ = {
			isa = XCBuildConfiguration;
			buildSettings = {
				BUILD_LIBRARY_FOR_DISTRIBUTION = YES;
				CODE_SIGN_STYLE = Automatic;
				CURRENT_PROJECT_VERSION = 1;
				DEFINES_MODULE = YES;
				DEVELOPMENT_TEAM = ZUYADCPQFC;
				DYLIB_COMPATIBILITY_VERSION = 1;
				DYLIB_CURRENT_VERSION = 1;
				DYLIB_INSTALL_NAME_BASE = "@rpath";
				ENABLE_MODULE_VERIFIER = YES;
				GENERATE_INFOPLIST_FILE = YES;
				INFOPLIST_KEY_NSHumanReadableCopyright = "";
				INSTALL_PATH = "$(LOCAL_LIBRARY_DIR)/Frameworks";
				LD_RUNPATH_SEARCH_PATHS = (
					"$(inherited)",
					"@executable_path/Frameworks",
					"@loader_path/Frameworks",
				);
				MARKETING_VERSION = 1.0;
				MODULE_VERIFIER_SUPPORTED_LANGUAGES = "objective-c objective-c++";
				MODULE_VERIFIER_SUPPORTED_LANGUAGE_STANDARDS = "gnu17 gnu++20";
				PRODUCT_BUNDLE_IDENTIFIER = name.wittie.PresentationLayer;
				PRODUCT_NAME = "$(TARGET_NAME:c99extidentifier)";
				SKIP_INSTALL = YES;
				SWIFT_EMIT_LOC_STRINGS = YES;
				SWIFT_INSTALL_OBJC_HEADER = NO;
				SWIFT_VERSION = 5.0;
				TARGETED_DEVICE_FAMILY = "1,2";
				VERSIONING_SYSTEM = "apple-generic";
				VERSION_INFO_PREFIX = "";
			};
			name = Debug;
		};
		5A4ECF072DD58B870021A79D /* Release */ = {
			isa = XCBuildConfiguration;
			buildSettings = {
				BUILD_LIBRARY_FOR_DISTRIBUTION = YES;
				CODE_SIGN_STYLE = Automatic;
				CURRENT_PROJECT_VERSION = 1;
				DEFINES_MODULE = YES;
				DEVELOPMENT_TEAM = ZUYADCPQFC;
				DYLIB_COMPATIBILITY_VERSION = 1;
				DYLIB_CURRENT_VERSION = 1;
				DYLIB_INSTALL_NAME_BASE = "@rpath";
				ENABLE_MODULE_VERIFIER = YES;
				GENERATE_INFOPLIST_FILE = YES;
				INFOPLIST_KEY_NSHumanReadableCopyright = "";
				INSTALL_PATH = "$(LOCAL_LIBRARY_DIR)/Frameworks";
				LD_RUNPATH_SEARCH_PATHS = (
					"$(inherited)",
					"@executable_path/Frameworks",
					"@loader_path/Frameworks",
				);
				MARKETING_VERSION = 1.0;
				MODULE_VERIFIER_SUPPORTED_LANGUAGES = "objective-c objective-c++";
				MODULE_VERIFIER_SUPPORTED_LANGUAGE_STANDARDS = "gnu17 gnu++20";
				PRODUCT_BUNDLE_IDENTIFIER = name.wittie.PresentationLayer;
				PRODUCT_NAME = "$(TARGET_NAME:c99extidentifier)";
				SKIP_INSTALL = YES;
				SWIFT_EMIT_LOC_STRINGS = YES;
				SWIFT_INSTALL_OBJC_HEADER = NO;
				SWIFT_VERSION = 5.0;
				TARGETED_DEVICE_FAMILY = "1,2";
				VERSIONING_SYSTEM = "apple-generic";
				VERSION_INFO_PREFIX = "";
			};
			name = Release;
		};
		5A4FCF222DCC9E6200540641 /* Debug */ = {
			isa = XCBuildConfiguration;
			buildSettings = {
				ASSETCATALOG_COMPILER_APPICON_NAME = AppIcon;
				ASSETCATALOG_COMPILER_GLOBAL_ACCENT_COLOR_NAME = AccentColor;
				CODE_SIGN_STYLE = Automatic;
				CURRENT_PROJECT_VERSION = 1;
				DEVELOPMENT_TEAM = ZUYADCPQFC;
				GENERATE_INFOPLIST_FILE = YES;
				INFOPLIST_FILE = Book/Info.plist;
				INFOPLIST_KEY_UIApplicationSupportsIndirectInputEvents = YES;
				INFOPLIST_KEY_UILaunchStoryboardName = LaunchScreen;
				INFOPLIST_KEY_UISupportedInterfaceOrientations_iPad = "UIInterfaceOrientationPortrait UIInterfaceOrientationPortraitUpsideDown UIInterfaceOrientationLandscapeLeft UIInterfaceOrientationLandscapeRight";
				INFOPLIST_KEY_UISupportedInterfaceOrientations_iPhone = "UIInterfaceOrientationPortrait UIInterfaceOrientationLandscapeLeft UIInterfaceOrientationLandscapeRight";
				IPHONEOS_DEPLOYMENT_TARGET = 16.0;
				LD_RUNPATH_SEARCH_PATHS = (
					"$(inherited)",
					"@executable_path/Frameworks",
				);
				MARKETING_VERSION = 1.0;
				PRODUCT_BUNDLE_IDENTIFIER = name.wittie.Book;
				PRODUCT_NAME = "$(TARGET_NAME)";
				SWIFT_EMIT_LOC_STRINGS = YES;
				SWIFT_VERSION = 5.0;
				TARGETED_DEVICE_FAMILY = "1,2";
			};
			name = Debug;
		};
		5A4FCF232DCC9E6200540641 /* Release */ = {
			isa = XCBuildConfiguration;
			buildSettings = {
				ASSETCATALOG_COMPILER_APPICON_NAME = AppIcon;
				ASSETCATALOG_COMPILER_GLOBAL_ACCENT_COLOR_NAME = AccentColor;
				CODE_SIGN_STYLE = Automatic;
				CURRENT_PROJECT_VERSION = 1;
				DEVELOPMENT_TEAM = ZUYADCPQFC;
				GENERATE_INFOPLIST_FILE = YES;
				INFOPLIST_FILE = Book/Info.plist;
				INFOPLIST_KEY_UIApplicationSupportsIndirectInputEvents = YES;
				INFOPLIST_KEY_UILaunchStoryboardName = LaunchScreen;
				INFOPLIST_KEY_UISupportedInterfaceOrientations_iPad = "UIInterfaceOrientationPortrait UIInterfaceOrientationPortraitUpsideDown UIInterfaceOrientationLandscapeLeft UIInterfaceOrientationLandscapeRight";
				INFOPLIST_KEY_UISupportedInterfaceOrientations_iPhone = "UIInterfaceOrientationPortrait UIInterfaceOrientationLandscapeLeft UIInterfaceOrientationLandscapeRight";
				IPHONEOS_DEPLOYMENT_TARGET = 16.0;
				LD_RUNPATH_SEARCH_PATHS = (
					"$(inherited)",
					"@executable_path/Frameworks",
				);
				MARKETING_VERSION = 1.0;
				PRODUCT_BUNDLE_IDENTIFIER = name.wittie.Book;
				PRODUCT_NAME = "$(TARGET_NAME)";
				SWIFT_EMIT_LOC_STRINGS = YES;
				SWIFT_VERSION = 5.0;
				TARGETED_DEVICE_FAMILY = "1,2";
			};
			name = Release;
		};
		5A4FCF242DCC9E6200540641 /* Debug */ = {
			isa = XCBuildConfiguration;
			baseConfigurationReferenceAnchor = 5A4FCF0D2DCC9E6000540641 /* Book */;
			baseConfigurationReferenceRelativePath = Config.xcconfig;
			buildSettings = {
				ALWAYS_SEARCH_USER_PATHS = NO;
				ASSETCATALOG_COMPILER_GENERATE_SWIFT_ASSET_SYMBOL_EXTENSIONS = YES;
				CLANG_ANALYZER_NONNULL = YES;
				CLANG_ANALYZER_NUMBER_OBJECT_CONVERSION = YES_AGGRESSIVE;
				CLANG_CXX_LANGUAGE_STANDARD = "gnu++20";
				CLANG_ENABLE_MODULES = YES;
				CLANG_ENABLE_OBJC_ARC = YES;
				CLANG_ENABLE_OBJC_WEAK = YES;
				CLANG_WARN_BLOCK_CAPTURE_AUTORELEASING = YES;
				CLANG_WARN_BOOL_CONVERSION = YES;
				CLANG_WARN_COMMA = YES;
				CLANG_WARN_CONSTANT_CONVERSION = YES;
				CLANG_WARN_DEPRECATED_OBJC_IMPLEMENTATIONS = YES;
				CLANG_WARN_DIRECT_OBJC_ISA_USAGE = YES_ERROR;
				CLANG_WARN_DOCUMENTATION_COMMENTS = YES;
				CLANG_WARN_EMPTY_BODY = YES;
				CLANG_WARN_ENUM_CONVERSION = YES;
				CLANG_WARN_INFINITE_RECURSION = YES;
				CLANG_WARN_INT_CONVERSION = YES;
				CLANG_WARN_NON_LITERAL_NULL_CONVERSION = YES;
				CLANG_WARN_OBJC_IMPLICIT_RETAIN_SELF = YES;
				CLANG_WARN_OBJC_LITERAL_CONVERSION = YES;
				CLANG_WARN_OBJC_ROOT_CLASS = YES_ERROR;
				CLANG_WARN_QUOTED_INCLUDE_IN_FRAMEWORK_HEADER = YES;
				CLANG_WARN_RANGE_LOOP_ANALYSIS = YES;
				CLANG_WARN_STRICT_PROTOTYPES = YES;
				CLANG_WARN_SUSPICIOUS_MOVE = YES;
				CLANG_WARN_UNGUARDED_AVAILABILITY = YES_AGGRESSIVE;
				CLANG_WARN_UNREACHABLE_CODE = YES;
				CLANG_WARN__DUPLICATE_METHOD_MATCH = YES;
				COPY_PHASE_STRIP = NO;
				DEBUG_INFORMATION_FORMAT = dwarf;
				ENABLE_STRICT_OBJC_MSGSEND = YES;
				ENABLE_TESTABILITY = YES;
				ENABLE_USER_SCRIPT_SANDBOXING = YES;
				GCC_C_LANGUAGE_STANDARD = gnu17;
				GCC_DYNAMIC_NO_PIC = NO;
				GCC_NO_COMMON_BLOCKS = YES;
				GCC_OPTIMIZATION_LEVEL = 0;
				GCC_PREPROCESSOR_DEFINITIONS = (
					"DEBUG=1",
					"$(inherited)",
				);
				GCC_WARN_64_TO_32_BIT_CONVERSION = YES;
				GCC_WARN_ABOUT_RETURN_TYPE = YES_ERROR;
				GCC_WARN_UNDECLARED_SELECTOR = YES;
				GCC_WARN_UNINITIALIZED_AUTOS = YES_AGGRESSIVE;
				GCC_WARN_UNUSED_FUNCTION = YES;
				GCC_WARN_UNUSED_VARIABLE = YES;
				IPHONEOS_DEPLOYMENT_TARGET = 18.2;
				LOCALIZATION_PREFERS_STRING_CATALOGS = YES;
				MTL_ENABLE_DEBUG_INFO = INCLUDE_SOURCE;
				MTL_FAST_MATH = YES;
				ONLY_ACTIVE_ARCH = YES;
				SDKROOT = iphoneos;
				SWIFT_ACTIVE_COMPILATION_CONDITIONS = "DEBUG $(inherited)";
				SWIFT_OPTIMIZATION_LEVEL = "-Onone";
			};
			name = Debug;
		};
		5A4FCF252DCC9E6200540641 /* Release */ = {
			isa = XCBuildConfiguration;
			buildSettings = {
				ALWAYS_SEARCH_USER_PATHS = NO;
				ASSETCATALOG_COMPILER_GENERATE_SWIFT_ASSET_SYMBOL_EXTENSIONS = YES;
				CLANG_ANALYZER_NONNULL = YES;
				CLANG_ANALYZER_NUMBER_OBJECT_CONVERSION = YES_AGGRESSIVE;
				CLANG_CXX_LANGUAGE_STANDARD = "gnu++20";
				CLANG_ENABLE_MODULES = YES;
				CLANG_ENABLE_OBJC_ARC = YES;
				CLANG_ENABLE_OBJC_WEAK = YES;
				CLANG_WARN_BLOCK_CAPTURE_AUTORELEASING = YES;
				CLANG_WARN_BOOL_CONVERSION = YES;
				CLANG_WARN_COMMA = YES;
				CLANG_WARN_CONSTANT_CONVERSION = YES;
				CLANG_WARN_DEPRECATED_OBJC_IMPLEMENTATIONS = YES;
				CLANG_WARN_DIRECT_OBJC_ISA_USAGE = YES_ERROR;
				CLANG_WARN_DOCUMENTATION_COMMENTS = YES;
				CLANG_WARN_EMPTY_BODY = YES;
				CLANG_WARN_ENUM_CONVERSION = YES;
				CLANG_WARN_INFINITE_RECURSION = YES;
				CLANG_WARN_INT_CONVERSION = YES;
				CLANG_WARN_NON_LITERAL_NULL_CONVERSION = YES;
				CLANG_WARN_OBJC_IMPLICIT_RETAIN_SELF = YES;
				CLANG_WARN_OBJC_LITERAL_CONVERSION = YES;
				CLANG_WARN_OBJC_ROOT_CLASS = YES_ERROR;
				CLANG_WARN_QUOTED_INCLUDE_IN_FRAMEWORK_HEADER = YES;
				CLANG_WARN_RANGE_LOOP_ANALYSIS = YES;
				CLANG_WARN_STRICT_PROTOTYPES = YES;
				CLANG_WARN_SUSPICIOUS_MOVE = YES;
				CLANG_WARN_UNGUARDED_AVAILABILITY = YES_AGGRESSIVE;
				CLANG_WARN_UNREACHABLE_CODE = YES;
				CLANG_WARN__DUPLICATE_METHOD_MATCH = YES;
				COPY_PHASE_STRIP = NO;
				DEBUG_INFORMATION_FORMAT = "dwarf-with-dsym";
				ENABLE_NS_ASSERTIONS = NO;
				ENABLE_STRICT_OBJC_MSGSEND = YES;
				ENABLE_USER_SCRIPT_SANDBOXING = YES;
				GCC_C_LANGUAGE_STANDARD = gnu17;
				GCC_NO_COMMON_BLOCKS = YES;
				GCC_WARN_64_TO_32_BIT_CONVERSION = YES;
				GCC_WARN_ABOUT_RETURN_TYPE = YES_ERROR;
				GCC_WARN_UNDECLARED_SELECTOR = YES;
				GCC_WARN_UNINITIALIZED_AUTOS = YES_AGGRESSIVE;
				GCC_WARN_UNUSED_FUNCTION = YES;
				GCC_WARN_UNUSED_VARIABLE = YES;
				IPHONEOS_DEPLOYMENT_TARGET = 18.2;
				LOCALIZATION_PREFERS_STRING_CATALOGS = YES;
				MTL_ENABLE_DEBUG_INFO = NO;
				MTL_FAST_MATH = YES;
				SDKROOT = iphoneos;
				SWIFT_COMPILATION_MODE = wholemodule;
				VALIDATE_PRODUCT = YES;
			};
			name = Release;
		};
/* End XCBuildConfiguration section */

/* Begin XCConfigurationList section */
		5A4ECEE12DD58B510021A79D /* Build configuration list for PBXNativeTarget "DataLayer" */ = {
			isa = XCConfigurationList;
			buildConfigurations = (
				5A4ECEDF2DD58B510021A79D /* Debug */,
				5A4ECEE02DD58B510021A79D /* Release */,
			);
			defaultConfigurationIsVisible = 0;
			defaultConfigurationName = Release;
		};
		5A4ECEF22DD58B760021A79D /* Build configuration list for PBXNativeTarget "DomainLayer" */ = {
			isa = XCConfigurationList;
			buildConfigurations = (
				5A4ECEF32DD58B760021A79D /* Debug */,
				5A4ECEF42DD58B760021A79D /* Release */,
			);
			defaultConfigurationIsVisible = 0;
			defaultConfigurationName = Release;
		};
		5A4ECF052DD58B870021A79D /* Build configuration list for PBXNativeTarget "PresentationLayer" */ = {
			isa = XCConfigurationList;
			buildConfigurations = (
				5A4ECF062DD58B870021A79D /* Debug */,
				5A4ECF072DD58B870021A79D /* Release */,
			);
			defaultConfigurationIsVisible = 0;
			defaultConfigurationName = Release;
		};
		5A4FCF062DCC9E6000540641 /* Build configuration list for PBXProject "Book" */ = {
			isa = XCConfigurationList;
			buildConfigurations = (
				5A4FCF242DCC9E6200540641 /* Debug */,
				5A4FCF252DCC9E6200540641 /* Release */,
			);
			defaultConfigurationIsVisible = 0;
			defaultConfigurationName = Release;
		};
		5A4FCF212DCC9E6200540641 /* Build configuration list for PBXNativeTarget "Book" */ = {
			isa = XCConfigurationList;
			buildConfigurations = (
				5A4FCF222DCC9E6200540641 /* Debug */,
				5A4FCF232DCC9E6200540641 /* Release */,
			);
			defaultConfigurationIsVisible = 0;
			defaultConfigurationName = Release;
		};
/* End XCConfigurationList section */

/* Begin XCRemoteSwiftPackageReference section */
		5A4EC7AD2DD44C710021A79D /* XCRemoteSwiftPackageReference "RxSwift" */ = {
			isa = XCRemoteSwiftPackageReference;
			repositoryURL = "https://github.com/ReactiveX/RxSwift";
			requirement = {
				kind = upToNextMajorVersion;
				minimumVersion = 6.9.0;
			};
		};
		5A4FD0322DCCA52900540641 /* XCRemoteSwiftPackageReference "SnapKit" */ = {
			isa = XCRemoteSwiftPackageReference;
			repositoryURL = "https://github.com/SnapKit/SnapKit";
			requirement = {
				kind = upToNextMajorVersion;
				minimumVersion = 5.7.1;
			};
		};
/* End XCRemoteSwiftPackageReference section */

/* Begin XCSwiftPackageProductDependency section */
		5A4ED7AC2DD5BA4A0021A79D /* SnapKit */ = {
			isa = XCSwiftPackageProductDependency;
			package = 5A4FD0322DCCA52900540641 /* XCRemoteSwiftPackageReference "SnapKit" */;
			productName = SnapKit;
		};
		5A4EDD312DD602340021A79D /* RxCocoa */ = {
			isa = XCSwiftPackageProductDependency;
			package = 5A4EC7AD2DD44C710021A79D /* XCRemoteSwiftPackageReference "RxSwift" */;
			productName = RxCocoa;
		};
		5A4EDE072DD6E0B50021A79D /* RxCocoa */ = {
			isa = XCSwiftPackageProductDependency;
			package = 5A4EC7AD2DD44C710021A79D /* XCRemoteSwiftPackageReference "RxSwift" */;
			productName = RxCocoa;
		};
		5A4EDE092DD6E0C60021A79D /* RxCocoa */ = {
			isa = XCSwiftPackageProductDependency;
			package = 5A4EC7AD2DD44C710021A79D /* XCRemoteSwiftPackageReference "RxSwift" */;
			productName = RxCocoa;
		};
		5A4EDE0B2DD6E0CC0021A79D /* RxCocoa */ = {
			isa = XCSwiftPackageProductDependency;
			package = 5A4EC7AD2DD44C710021A79D /* XCRemoteSwiftPackageReference "RxSwift" */;
			productName = RxCocoa;
		};
		5A4EDE0D2DD6E1130021A79D /* RxRelay */ = {
			isa = XCSwiftPackageProductDependency;
			package = 5A4EC7AD2DD44C710021A79D /* XCRemoteSwiftPackageReference "RxSwift" */;
			productName = RxRelay;
		};
		5A4EDE0F2DD6E11B0021A79D /* RxRelay */ = {
			isa = XCSwiftPackageProductDependency;
			package = 5A4EC7AD2DD44C710021A79D /* XCRemoteSwiftPackageReference "RxSwift" */;
			productName = RxRelay;
		};
		5A4FD0332DCCA52900540641 /* SnapKit */ = {
			isa = XCSwiftPackageProductDependency;
			package = 5A4FD0322DCCA52900540641 /* XCRemoteSwiftPackageReference "SnapKit" */;
			productName = SnapKit;
		};
/* End XCSwiftPackageProductDependency section */
	};
	rootObject = 5A4FCF032DCC9E6000540641 /* Project object */;
}
